#include <iostream>

int main()
{
    setlocale(LC_ALL, "RU");
    //1
    char a;
    std::cout << "Уроки сделал? ";
    std::cin >> a;
    if (a == 'y' || a == 'Y')
        std::cout << "Молодец!" << std::endl;

    //2
    int b;
    std::cout << "Введите число: ";
    std::cin >> b;
    if (b < 0)
        std::cout << "Число " << b << " отрицательное!" << std::endl;
    //3
    int c;
    std::cout << "Введите число: ";
    std::cin >> c;
    if (c%2 == 0)
        std::cout << "Число " << c << " чётное!" << std::endl;
    //4
    int v;
    std::cout << "Введите число: ";
    std::cin >> v;
    if(v % 10 == 5)
        std::cout << "Число " << v << " заканчивается на 5!" << std::endl;
    //5
    int n;
    std::cout << "Введите число: ";
    std::cin >> n;
    if(n%(n/2)==0 || n>0)
        std::cout << "Число " << n << " подходит" << std::endl;
    //6
    int m;
    std::cout << "Введите число: ";
    std::cin >> m;
    if (m >= 10)
        std::cout << "Ты победил!" << std::endl;
    //7
    int num1, num2, num3;
    std::cout << "Введите число: ";
    std::cin >> num1;
    std::cin >> num2;
    std::cin >> num3;
    if (num1 + num2 > num3 && num1 + num3 > num2 && num2 + num3 > num1)
        std::cout << "Треугольник существует." << std::endl;
    //8
    int x, y;
    std::cout << "Введите число: ";
    std::cin >> x;
    std::cout << "Введите число: ";
    std::cin >> y;
    if (x > 0 && y > 0)
        std::cout << "Точка находится в первой четверти." << std::endl;
    if (x < 0 && y > 0)
        std::cout << "Точка находится во второй четверти." << std::endl;
    if (x < 0 && y < 0)
        std::cout << "Точка находится в третьей четверти." << std::endl;
    if (x > 0 && y < 0)
        std::cout << "Точка находится в четвертой четверти." << std::endl;
    //9
    int z, c;
    std::cout << "Введите первое число: ";
    std::cin >> z;
    std::cout << "Введите второе число: ";
    std::cin >> c;
    if (z%c == 0)
        std::cout << z << " делится на " << c << std::endl;
    //10
    int number;
    std::cout << "Введите число: ";
    std::cin >> number;
    int a1, b1, c1;
    a1 = number % 10;
    b1 = (number % 100) / 10;
    c1 = number / 100;
    int summ = a1 + b1 + c1;
    if (summ > 9)
        std::cout << "Сумма цифр: " << summ;
}
